
Microsoft Visual Studio Solution File, Format Version 12.00
# Visual Studio Version 16
VisualStudioVersion = 16.0.29728.190
MinimumVisualStudioVersion = 10.0.40219.1
Project("{FAE04EC0-301F-11D3-BF4B-00C04F79EFBC}") = "FFWSC_Core", "FFWSC_Core.csproj", "{0029E148-2E1B-4EC5-A380-081F0657CB18}"
EndProject
Global
	GlobalSection(SolutionConfigurationPlatforms) = preSolution
		Debug|Any CPU = Debug|Any CPU
		Release|Any CPU = Release|Any CPU
	EndGlobalSection
	GlobalSection(ProjectConfigurationPlatforms) = postSolution
		{0029E148-2E1B-4EC5-A380-081F0657CB18}.Debug|Any CPU.ActiveCfg = Debug|Any CPU
		{0029E148-2E1B-4EC5-A380-081F0657CB18}.Debug|Any CPU.Build.0 = Debug|Any CPU
		{0029E148-2E1B-4EC5-A380-081F0657CB18}.Release|Any CPU.ActiveCfg = Release|Any CPU
		{0029E148-2E1B-4EC5-A380-081F0657CB18}.Release|Any CPU.Build.0 = Release|Any CPU
	EndGlobalSection
	GlobalSection(SolutionProperties) = preSolution
		HideSolutionNode = FALSE
	EndGlobalSection
	GlobalSection(ExtensibilityGlobals) = postSolution
		SolutionGuid = {548F8C03-01E6-423E-95E6-747AB0C9360A}
	EndGlobalSection
EndGlobal
